
Microsoft Visual Studio Solution File, Format Version 12.00
# Visual Studio 2013
VisualStudioVersion = 12.0.40629.0
MinimumVisualStudioVersion = 10.0.40219.1
Project("{2150E333-8FDC-42A3-9474-1A3956D46DE8}") = "1 Creational Patterns", "1 Creational Patterns", "{AF912F1C-6C96-42C5-B0DC-DCCCEB842D35}"
EndProject
Project("{2150E333-8FDC-42A3-9474-1A3956D46DE8}") = "01 Build Pattern", "01 Build Pattern", "{D596309B-7BED-47F8-AE2D-1199376454B1}"
EndProject
Project("{FAE04EC0-301F-11D3-BF4B-00C04F79EFBC}") = "BuildPattern", "BuildPattern\BuildPattern.csproj", "{3A367584-E1F2-48BC-90D2-94F67460A186}"
EndProject
Project("{2150E333-8FDC-42A3-9474-1A3956D46DE8}") = "2 Stuctual Patterns", "2 Stuctual Patterns", "{A1AA6693-DC6A-481E-9C69-512737A14860}"
EndProject
Project("{2150E333-8FDC-42A3-9474-1A3956D46DE8}") = "3 Behavioral Patterns", "3 Behavioral Patterns", "{ED7C787B-86ED-4F0D-ADB0-A1FB3F358DFF}"
EndProject
Project("{2150E333-8FDC-42A3-9474-1A3956D46DE8}") = "4 Design Principals", "4 Design Principals", "{3584F5CA-089E-40A0-A19E-8FC0B570406B}"
	ProjectSection(SolutionItems) = preProject
		CommandPattern\Program.cs = CommandPattern\Program.cs
	EndProjectSection
EndProject
Project("{2150E333-8FDC-42A3-9474-1A3956D46DE8}") = "01 Observer Pattern", "01 Observer Pattern", "{6947B0EB-D3C5-4F39-A044-C8C0447AEE65}"
EndProject
Project("{FAE04EC0-301F-11D3-BF4B-00C04F79EFBC}") = "ObserverPattern", "ObserverPattern\ObserverPattern.csproj", "{90AAA60D-8A7F-46DE-9FE6-22A5023F5B45}"
EndProject
Project("{2150E333-8FDC-42A3-9474-1A3956D46DE8}") = "02 State Pattern", "02 State Pattern", "{AE6F1199-B15B-4279-896F-8D654830EE04}"
EndProject
Project("{FAE04EC0-301F-11D3-BF4B-00C04F79EFBC}") = "StatePattern", "StatePattern\StatePattern.csproj", "{15A3439F-1203-4EE4-A110-FA1F3808B63D}"
EndProject
Project("{2150E333-8FDC-42A3-9474-1A3956D46DE8}") = "01 AdapterPattern", "01 AdapterPattern", "{B6E3CFDC-44ED-4B2B-AB38-812879D68B0E}"
EndProject
Project("{FAE04EC0-301F-11D3-BF4B-00C04F79EFBC}") = "AdapterPattern", "AdapterPattern\AdapterPattern.csproj", "{B0A94CC8-44E6-4467-ABE0-CF755EF83BA6}"
EndProject
Project("{2150E333-8FDC-42A3-9474-1A3956D46DE8}") = "03 Memento Pattern", "03 Memento Pattern", "{8474ACD2-9D2C-41EF-8F16-3F751225AC56}"
EndProject
Project("{FAE04EC0-301F-11D3-BF4B-00C04F79EFBC}") = "MementoPattern", "MementoPattern\MementoPattern.csproj", "{B1698306-9F2B-4D13-BC89-A6749E6D526F}"
EndProject
Project("{2150E333-8FDC-42A3-9474-1A3956D46DE8}") = "02 CompositePattern", "02 CompositePattern", "{478A30A7-046A-48D0-A623-423DCA11CDE5}"
EndProject
Project("{FAE04EC0-301F-11D3-BF4B-00C04F79EFBC}") = "CompositePattern", "CompositePattern\CompositePattern.csproj", "{377899DA-0D7E-4965-89C6-706536DAD60B}"
EndProject
Project("{2150E333-8FDC-42A3-9474-1A3956D46DE8}") = "04 Iterator Pattern", "04 Iterator Pattern", "{1BFF74AD-03FD-48C0-BDA7-E92E4AFA6A04}"
EndProject
Project("{FAE04EC0-301F-11D3-BF4B-00C04F79EFBC}") = "IteratorPattern", "IteratorPattern\IteratorPattern.csproj", "{F9718745-C7DB-416E-B172-B51856ADBE59}"
EndProject
Project("{2150E333-8FDC-42A3-9474-1A3956D46DE8}") = "02 Singleton Pattern", "02 Singleton Pattern", "{7964C511-FF61-4B62-8374-1F58B31644EC}"
EndProject
Project("{FAE04EC0-301F-11D3-BF4B-00C04F79EFBC}") = "SingletonPattern", "SingletonPattern\SingletonPattern.csproj", "{FB82AE5C-BE0E-46A8-A526-9B1F92B72E79}"
EndProject
Project("{2150E333-8FDC-42A3-9474-1A3956D46DE8}") = "03 Bridge Pattern", "03 Bridge Pattern", "{AFA55C2D-0AAF-4565-86DD-7D02361E0700}"
EndProject
Project("{FAE04EC0-301F-11D3-BF4B-00C04F79EFBC}") = "BridgePattern", "BridgePattern\BridgePattern.csproj", "{4E1CAD32-DB8A-46DB-8E69-7FA80DEF42F1}"
EndProject
Project("{2150E333-8FDC-42A3-9474-1A3956D46DE8}") = "05 Command Pattern", "05 Command Pattern", "{C77FBFBD-B5E0-422F-81B4-3BDEE4A7A655}"
EndProject
Project("{FAE04EC0-301F-11D3-BF4B-00C04F79EFBC}") = "CommandPattern", "CommandPattern\CommandPattern.csproj", "{346B86C0-8094-4D90-9A2F-C0BC4C720DDC}"
EndProject
Project("{2150E333-8FDC-42A3-9474-1A3956D46DE8}") = "06 Chain of Responsibility Pattern", "06 Chain of Responsibility Pattern", "{29C74DDF-A127-4CF0-9355-C7BA07B54F07}"
EndProject
Project("{FAE04EC0-301F-11D3-BF4B-00C04F79EFBC}") = "ChainOfResponsibility", "ChainOfResponsibility\ChainOfResponsibility.csproj", "{94EBC23A-5970-4EB9-8841-2F87A494B9DA}"
EndProject
Project("{2150E333-8FDC-42A3-9474-1A3956D46DE8}") = "07 Mediator Pattern", "07 Mediator Pattern", "{3527BD69-E1CD-44B6-A011-7D9170159D84}"
EndProject
Project("{FAE04EC0-301F-11D3-BF4B-00C04F79EFBC}") = "MediatorPattern", "MediatorPattern\MediatorPattern.csproj", "{F1F207C3-2DCB-447A-815A-E6274002E426}"
EndProject
Project("{2150E333-8FDC-42A3-9474-1A3956D46DE8}") = "04 Flyweight Pattern", "04 Flyweight Pattern", "{981EF148-67FB-4E38-A68A-D25BC8480E87}"
EndProject
Project("{FAE04EC0-301F-11D3-BF4B-00C04F79EFBC}") = "FlyweightPattern", "FlyweightPattern\FlyweightPattern.csproj", "{3AE315BE-48C5-488E-9B65-42D9576B5866}"
EndProject
Project("{2150E333-8FDC-42A3-9474-1A3956D46DE8}") = "08 Interpreter Pattern", "08 Interpreter Pattern", "{9F6EC988-9BB7-4E87-BA81-266A610AF656}"
EndProject
Project("{FAE04EC0-301F-11D3-BF4B-00C04F79EFBC}") = "InterpreterPattern", "InterpreterPattern\InterpreterPattern.csproj", "{36DFCDD5-7593-4085-B883-A7626DA382F8}"
EndProject
Project("{2150E333-8FDC-42A3-9474-1A3956D46DE8}") = "09 Visitor Pattern", "09 Visitor Pattern", "{50532895-370C-4318-B53F-3A4BABC06F2A}"
EndProject
Project("{FAE04EC0-301F-11D3-BF4B-00C04F79EFBC}") = "VisitorPattern", "VisitorPattern\VisitorPattern.csproj", "{B59CE3A9-E1EA-4D40-BB73-3A10EA38ED03}"
EndProject
Project("{2150E333-8FDC-42A3-9474-1A3956D46DE8}") = "03 AbstractFactory Pattern", "03 AbstractFactory Pattern", "{249911AF-A2A4-4AE8-8D13-21D593847599}"
EndProject
Project("{FAE04EC0-301F-11D3-BF4B-00C04F79EFBC}") = "AbstractFactoryPattern", "AbstractFactoryPattern\AbstractFactoryPattern.csproj", "{0220C5C3-4D31-4EEB-8031-A44B1A2475D1}"
EndProject
Project("{2150E333-8FDC-42A3-9474-1A3956D46DE8}") = "04 Factory Method Pattern", "04 Factory Method Pattern", "{74379FD2-A537-4984-BAFF-EE24BB9E9DFA}"
EndProject
Project("{FAE04EC0-301F-11D3-BF4B-00C04F79EFBC}") = "FactoryMethodPattern", "FactoryMethodPattern\FactoryMethodPattern.csproj", "{58BCE256-0EB7-462F-8C5A-8CCFFD379D30}"
EndProject
Project("{2150E333-8FDC-42A3-9474-1A3956D46DE8}") = "10 Strategy Pattern", "10 Strategy Pattern", "{2B009E2D-744E-4A82-9793-992B1556C5EE}"
EndProject
Project("{FAE04EC0-301F-11D3-BF4B-00C04F79EFBC}") = "StrategyPattern", "StrategyPattern\StrategyPattern.csproj", "{E807BB27-14B8-4103-89F7-66900A389B98}"
EndProject
Project("{2150E333-8FDC-42A3-9474-1A3956D46DE8}") = "06 ProxyPattern", "06 ProxyPattern", "{FD253C8C-19DE-4848-A52A-25CD0486334E}"
EndProject
Project("{FAE04EC0-301F-11D3-BF4B-00C04F79EFBC}") = "ProxyPattern", "ProxyPattern\ProxyPattern.csproj", "{6F0D4052-9EE6-4E13-98C3-88105459BA71}"
EndProject
Project("{2150E333-8FDC-42A3-9474-1A3956D46DE8}") = "05 Simple Factory Pattern", "05 Simple Factory Pattern", "{E7126589-FAF0-4792-9675-78856FD6F210}"
EndProject
Project("{FAE04EC0-301F-11D3-BF4B-00C04F79EFBC}") = "SimpleFactory", "SimpleFactory\SimpleFactory.csproj", "{52487737-21C7-4968-88EE-07DF22A9C929}"
EndProject
Global
	GlobalSection(SolutionConfigurationPlatforms) = preSolution
		Debug|Any CPU = Debug|Any CPU
		Release|Any CPU = Release|Any CPU
	EndGlobalSection
	GlobalSection(ProjectConfigurationPlatforms) = postSolution
		{3A367584-E1F2-48BC-90D2-94F67460A186}.Debug|Any CPU.ActiveCfg = Debug|Any CPU
		{3A367584-E1F2-48BC-90D2-94F67460A186}.Debug|Any CPU.Build.0 = Debug|Any CPU
		{3A367584-E1F2-48BC-90D2-94F67460A186}.Release|Any CPU.ActiveCfg = Release|Any CPU
		{3A367584-E1F2-48BC-90D2-94F67460A186}.Release|Any CPU.Build.0 = Release|Any CPU
		{90AAA60D-8A7F-46DE-9FE6-22A5023F5B45}.Debug|Any CPU.ActiveCfg = Debug|Any CPU
		{90AAA60D-8A7F-46DE-9FE6-22A5023F5B45}.Debug|Any CPU.Build.0 = Debug|Any CPU
		{90AAA60D-8A7F-46DE-9FE6-22A5023F5B45}.Release|Any CPU.ActiveCfg = Release|Any CPU
		{90AAA60D-8A7F-46DE-9FE6-22A5023F5B45}.Release|Any CPU.Build.0 = Release|Any CPU
		{15A3439F-1203-4EE4-A110-FA1F3808B63D}.Debug|Any CPU.ActiveCfg = Debug|Any CPU
		{15A3439F-1203-4EE4-A110-FA1F3808B63D}.Debug|Any CPU.Build.0 = Debug|Any CPU
		{15A3439F-1203-4EE4-A110-FA1F3808B63D}.Release|Any CPU.ActiveCfg = Release|Any CPU
		{15A3439F-1203-4EE4-A110-FA1F3808B63D}.Release|Any CPU.Build.0 = Release|Any CPU
		{B0A94CC8-44E6-4467-ABE0-CF755EF83BA6}.Debug|Any CPU.ActiveCfg = Debug|Any CPU
		{B0A94CC8-44E6-4467-ABE0-CF755EF83BA6}.Debug|Any CPU.Build.0 = Debug|Any CPU
		{B0A94CC8-44E6-4467-ABE0-CF755EF83BA6}.Release|Any CPU.ActiveCfg = Release|Any CPU
		{B0A94CC8-44E6-4467-ABE0-CF755EF83BA6}.Release|Any CPU.Build.0 = Release|Any CPU
		{B1698306-9F2B-4D13-BC89-A6749E6D526F}.Debug|Any CPU.ActiveCfg = Debug|Any CPU
		{B1698306-9F2B-4D13-BC89-A6749E6D526F}.Debug|Any CPU.Build.0 = Debug|Any CPU
		{B1698306-9F2B-4D13-BC89-A6749E6D526F}.Release|Any CPU.ActiveCfg = Release|Any CPU
		{B1698306-9F2B-4D13-BC89-A6749E6D526F}.Release|Any CPU.Build.0 = Release|Any CPU
		{377899DA-0D7E-4965-89C6-706536DAD60B}.Debug|Any CPU.ActiveCfg = Debug|Any CPU
		{377899DA-0D7E-4965-89C6-706536DAD60B}.Debug|Any CPU.Build.0 = Debug|Any CPU
		{377899DA-0D7E-4965-89C6-706536DAD60B}.Release|Any CPU.ActiveCfg = Release|Any CPU
		{377899DA-0D7E-4965-89C6-706536DAD60B}.Release|Any CPU.Build.0 = Release|Any CPU
		{F9718745-C7DB-416E-B172-B51856ADBE59}.Debug|Any CPU.ActiveCfg = Debug|Any CPU
		{F9718745-C7DB-416E-B172-B51856ADBE59}.Debug|Any CPU.Build.0 = Debug|Any CPU
		{F9718745-C7DB-416E-B172-B51856ADBE59}.Release|Any CPU.ActiveCfg = Release|Any CPU
		{F9718745-C7DB-416E-B172-B51856ADBE59}.Release|Any CPU.Build.0 = Release|Any CPU
		{FB82AE5C-BE0E-46A8-A526-9B1F92B72E79}.Debug|Any CPU.ActiveCfg = Debug|Any CPU
		{FB82AE5C-BE0E-46A8-A526-9B1F92B72E79}.Debug|Any CPU.Build.0 = Debug|Any CPU
		{FB82AE5C-BE0E-46A8-A526-9B1F92B72E79}.Release|Any CPU.ActiveCfg = Release|Any CPU
		{FB82AE5C-BE0E-46A8-A526-9B1F92B72E79}.Release|Any CPU.Build.0 = Release|Any CPU
		{4E1CAD32-DB8A-46DB-8E69-7FA80DEF42F1}.Debug|Any CPU.ActiveCfg = Debug|Any CPU
		{4E1CAD32-DB8A-46DB-8E69-7FA80DEF42F1}.Debug|Any CPU.Build.0 = Debug|Any CPU
		{4E1CAD32-DB8A-46DB-8E69-7FA80DEF42F1}.Release|Any CPU.ActiveCfg = Release|Any CPU
		{4E1CAD32-DB8A-46DB-8E69-7FA80DEF42F1}.Release|Any CPU.Build.0 = Release|Any CPU
		{346B86C0-8094-4D90-9A2F-C0BC4C720DDC}.Debug|Any CPU.ActiveCfg = Debug|Any CPU
		{346B86C0-8094-4D90-9A2F-C0BC4C720DDC}.Debug|Any CPU.Build.0 = Debug|Any CPU
		{346B86C0-8094-4D90-9A2F-C0BC4C720DDC}.Release|Any CPU.ActiveCfg = Release|Any CPU
		{346B86C0-8094-4D90-9A2F-C0BC4C720DDC}.Release|Any CPU.Build.0 = Release|Any CPU
		{94EBC23A-5970-4EB9-8841-2F87A494B9DA}.Debug|Any CPU.ActiveCfg = Debug|Any CPU
		{94EBC23A-5970-4EB9-8841-2F87A494B9DA}.Debug|Any CPU.Build.0 = Debug|Any CPU
		{94EBC23A-5970-4EB9-8841-2F87A494B9DA}.Release|Any CPU.ActiveCfg = Release|Any CPU
		{94EBC23A-5970-4EB9-8841-2F87A494B9DA}.Release|Any CPU.Build.0 = Release|Any CPU
		{F1F207C3-2DCB-447A-815A-E6274002E426}.Debug|Any CPU.ActiveCfg = Debug|Any CPU
		{F1F207C3-2DCB-447A-815A-E6274002E426}.Debug|Any CPU.Build.0 = Debug|Any CPU
		{F1F207C3-2DCB-447A-815A-E6274002E426}.Release|Any CPU.ActiveCfg = Release|Any CPU
		{F1F207C3-2DCB-447A-815A-E6274002E426}.Release|Any CPU.Build.0 = Release|Any CPU
		{3AE315BE-48C5-488E-9B65-42D9576B5866}.Debug|Any CPU.ActiveCfg = Debug|Any CPU
		{3AE315BE-48C5-488E-9B65-42D9576B5866}.Debug|Any CPU.Build.0 = Debug|Any CPU
		{3AE315BE-48C5-488E-9B65-42D9576B5866}.Release|Any CPU.ActiveCfg = Release|Any CPU
		{3AE315BE-48C5-488E-9B65-42D9576B5866}.Release|Any CPU.Build.0 = Release|Any CPU
		{36DFCDD5-7593-4085-B883-A7626DA382F8}.Debug|Any CPU.ActiveCfg = Debug|Any CPU
		{36DFCDD5-7593-4085-B883-A7626DA382F8}.Debug|Any CPU.Build.0 = Debug|Any CPU
		{36DFCDD5-7593-4085-B883-A7626DA382F8}.Release|Any CPU.ActiveCfg = Release|Any CPU
		{36DFCDD5-7593-4085-B883-A7626DA382F8}.Release|Any CPU.Build.0 = Release|Any CPU
		{B59CE3A9-E1EA-4D40-BB73-3A10EA38ED03}.Debug|Any CPU.ActiveCfg = Debug|Any CPU
		{B59CE3A9-E1EA-4D40-BB73-3A10EA38ED03}.Debug|Any CPU.Build.0 = Debug|Any CPU
		{B59CE3A9-E1EA-4D40-BB73-3A10EA38ED03}.Release|Any CPU.ActiveCfg = Release|Any CPU
		{B59CE3A9-E1EA-4D40-BB73-3A10EA38ED03}.Release|Any CPU.Build.0 = Release|Any CPU
		{0220C5C3-4D31-4EEB-8031-A44B1A2475D1}.Debug|Any CPU.ActiveCfg = Debug|Any CPU
		{0220C5C3-4D31-4EEB-8031-A44B1A2475D1}.Debug|Any CPU.Build.0 = Debug|Any CPU
		{0220C5C3-4D31-4EEB-8031-A44B1A2475D1}.Release|Any CPU.ActiveCfg = Release|Any CPU
		{0220C5C3-4D31-4EEB-8031-A44B1A2475D1}.Release|Any CPU.Build.0 = Release|Any CPU
		{58BCE256-0EB7-462F-8C5A-8CCFFD379D30}.Debug|Any CPU.ActiveCfg = Debug|Any CPU
		{58BCE256-0EB7-462F-8C5A-8CCFFD379D30}.Debug|Any CPU.Build.0 = Debug|Any CPU
		{58BCE256-0EB7-462F-8C5A-8CCFFD379D30}.Release|Any CPU.ActiveCfg = Release|Any CPU
		{58BCE256-0EB7-462F-8C5A-8CCFFD379D30}.Release|Any CPU.Build.0 = Release|Any CPU
		{E807BB27-14B8-4103-89F7-66900A389B98}.Debug|Any CPU.ActiveCfg = Debug|Any CPU
		{E807BB27-14B8-4103-89F7-66900A389B98}.Debug|Any CPU.Build.0 = Debug|Any CPU
		{E807BB27-14B8-4103-89F7-66900A389B98}.Release|Any CPU.ActiveCfg = Release|Any CPU
		{E807BB27-14B8-4103-89F7-66900A389B98}.Release|Any CPU.Build.0 = Release|Any CPU
		{6F0D4052-9EE6-4E13-98C3-88105459BA71}.Debug|Any CPU.ActiveCfg = Debug|Any CPU
		{6F0D4052-9EE6-4E13-98C3-88105459BA71}.Debug|Any CPU.Build.0 = Debug|Any CPU
		{6F0D4052-9EE6-4E13-98C3-88105459BA71}.Release|Any CPU.ActiveCfg = Release|Any CPU
		{6F0D4052-9EE6-4E13-98C3-88105459BA71}.Release|Any CPU.Build.0 = Release|Any CPU
		{52487737-21C7-4968-88EE-07DF22A9C929}.Debug|Any CPU.ActiveCfg = Debug|Any CPU
		{52487737-21C7-4968-88EE-07DF22A9C929}.Debug|Any CPU.Build.0 = Debug|Any CPU
		{52487737-21C7-4968-88EE-07DF22A9C929}.Release|Any CPU.ActiveCfg = Release|Any CPU
		{52487737-21C7-4968-88EE-07DF22A9C929}.Release|Any CPU.Build.0 = Release|Any CPU
	EndGlobalSection
	GlobalSection(SolutionProperties) = preSolution
		HideSolutionNode = FALSE
	EndGlobalSection
	GlobalSection(NestedProjects) = preSolution
		{D596309B-7BED-47F8-AE2D-1199376454B1} = {AF912F1C-6C96-42C5-B0DC-DCCCEB842D35}
		{3A367584-E1F2-48BC-90D2-94F67460A186} = {D596309B-7BED-47F8-AE2D-1199376454B1}
		{6947B0EB-D3C5-4F39-A044-C8C0447AEE65} = {ED7C787B-86ED-4F0D-ADB0-A1FB3F358DFF}
		{90AAA60D-8A7F-46DE-9FE6-22A5023F5B45} = {6947B0EB-D3C5-4F39-A044-C8C0447AEE65}
		{AE6F1199-B15B-4279-896F-8D654830EE04} = {ED7C787B-86ED-4F0D-ADB0-A1FB3F358DFF}
		{15A3439F-1203-4EE4-A110-FA1F3808B63D} = {AE6F1199-B15B-4279-896F-8D654830EE04}
		{B6E3CFDC-44ED-4B2B-AB38-812879D68B0E} = {A1AA6693-DC6A-481E-9C69-512737A14860}
		{B0A94CC8-44E6-4467-ABE0-CF755EF83BA6} = {B6E3CFDC-44ED-4B2B-AB38-812879D68B0E}
		{8474ACD2-9D2C-41EF-8F16-3F751225AC56} = {ED7C787B-86ED-4F0D-ADB0-A1FB3F358DFF}
		{B1698306-9F2B-4D13-BC89-A6749E6D526F} = {8474ACD2-9D2C-41EF-8F16-3F751225AC56}
		{478A30A7-046A-48D0-A623-423DCA11CDE5} = {A1AA6693-DC6A-481E-9C69-512737A14860}
		{377899DA-0D7E-4965-89C6-706536DAD60B} = {478A30A7-046A-48D0-A623-423DCA11CDE5}
		{1BFF74AD-03FD-48C0-BDA7-E92E4AFA6A04} = {ED7C787B-86ED-4F0D-ADB0-A1FB3F358DFF}
		{F9718745-C7DB-416E-B172-B51856ADBE59} = {1BFF74AD-03FD-48C0-BDA7-E92E4AFA6A04}
		{7964C511-FF61-4B62-8374-1F58B31644EC} = {AF912F1C-6C96-42C5-B0DC-DCCCEB842D35}
		{FB82AE5C-BE0E-46A8-A526-9B1F92B72E79} = {7964C511-FF61-4B62-8374-1F58B31644EC}
		{AFA55C2D-0AAF-4565-86DD-7D02361E0700} = {A1AA6693-DC6A-481E-9C69-512737A14860}
		{4E1CAD32-DB8A-46DB-8E69-7FA80DEF42F1} = {AFA55C2D-0AAF-4565-86DD-7D02361E0700}
		{C77FBFBD-B5E0-422F-81B4-3BDEE4A7A655} = {ED7C787B-86ED-4F0D-ADB0-A1FB3F358DFF}
		{346B86C0-8094-4D90-9A2F-C0BC4C720DDC} = {C77FBFBD-B5E0-422F-81B4-3BDEE4A7A655}
		{29C74DDF-A127-4CF0-9355-C7BA07B54F07} = {ED7C787B-86ED-4F0D-ADB0-A1FB3F358DFF}
		{94EBC23A-5970-4EB9-8841-2F87A494B9DA} = {29C74DDF-A127-4CF0-9355-C7BA07B54F07}
		{3527BD69-E1CD-44B6-A011-7D9170159D84} = {ED7C787B-86ED-4F0D-ADB0-A1FB3F358DFF}
		{F1F207C3-2DCB-447A-815A-E6274002E426} = {3527BD69-E1CD-44B6-A011-7D9170159D84}
		{981EF148-67FB-4E38-A68A-D25BC8480E87} = {A1AA6693-DC6A-481E-9C69-512737A14860}
		{3AE315BE-48C5-488E-9B65-42D9576B5866} = {981EF148-67FB-4E38-A68A-D25BC8480E87}
		{9F6EC988-9BB7-4E87-BA81-266A610AF656} = {ED7C787B-86ED-4F0D-ADB0-A1FB3F358DFF}
		{36DFCDD5-7593-4085-B883-A7626DA382F8} = {9F6EC988-9BB7-4E87-BA81-266A610AF656}
		{50532895-370C-4318-B53F-3A4BABC06F2A} = {ED7C787B-86ED-4F0D-ADB0-A1FB3F358DFF}
		{B59CE3A9-E1EA-4D40-BB73-3A10EA38ED03} = {50532895-370C-4318-B53F-3A4BABC06F2A}
		{249911AF-A2A4-4AE8-8D13-21D593847599} = {AF912F1C-6C96-42C5-B0DC-DCCCEB842D35}
		{0220C5C3-4D31-4EEB-8031-A44B1A2475D1} = {249911AF-A2A4-4AE8-8D13-21D593847599}
		{74379FD2-A537-4984-BAFF-EE24BB9E9DFA} = {AF912F1C-6C96-42C5-B0DC-DCCCEB842D35}
		{58BCE256-0EB7-462F-8C5A-8CCFFD379D30} = {74379FD2-A537-4984-BAFF-EE24BB9E9DFA}
		{2B009E2D-744E-4A82-9793-992B1556C5EE} = {ED7C787B-86ED-4F0D-ADB0-A1FB3F358DFF}
		{E807BB27-14B8-4103-89F7-66900A389B98} = {2B009E2D-744E-4A82-9793-992B1556C5EE}
		{FD253C8C-19DE-4848-A52A-25CD0486334E} = {A1AA6693-DC6A-481E-9C69-512737A14860}
		{6F0D4052-9EE6-4E13-98C3-88105459BA71} = {FD253C8C-19DE-4848-A52A-25CD0486334E}
		{E7126589-FAF0-4792-9675-78856FD6F210} = {AF912F1C-6C96-42C5-B0DC-DCCCEB842D35}
		{52487737-21C7-4968-88EE-07DF22A9C929} = {E7126589-FAF0-4792-9675-78856FD6F210}
	EndGlobalSection
EndGlobal
